
Microsoft Visual Studio Solution File, Format Version 12.00
# Visual Studio Version 16
VisualStudioVersion = 16.0.33328.57
MinimumVisualStudioVersion = 10.0.40219.1
Project("{FAE04EC0-301F-11D3-BF4B-00C04F79EFBC}") = "YangDaHye_ex.01", "YangDaHye_ex.01\YangDaHye_ex.01.csproj", "{9F920EC1-A408-4C3C-9AF8-43DCADA0ADA6}"
EndProject
Project("{FAE04EC0-301F-11D3-BF4B-00C04F79EFBC}") = "YangDaHye_ex.02", "YangDaHye_ex.02\YangDaHye_ex.02.csproj", "{3E95CE6D-2CE1-437C-B034-AD8A5B62DF39}"
EndProject
Project("{FAE04EC0-301F-11D3-BF4B-00C04F79EFBC}") = "YangDaHye_ex.03_do", "YangDaHye_ex.03_do\YangDaHye_ex.03_do.csproj", "{29E69069-6A4A-452C-A520-D2B78AF61D58}"
EndProject
Project("{FAE04EC0-301F-11D3-BF4B-00C04F79EFBC}") = "YangDaHye_ex.03_while", "YangDaHye_ex.03_while\YangDaHye_ex.03_while.csproj", "{8D90813F-F918-4050-BC7E-AB4E09CC4D71}"
EndProject
Project("{FAE04EC0-301F-11D3-BF4B-00C04F79EFBC}") = "YangDaHye_ex.04", "YangDaHye_ex.04\YangDaHye_ex.04.csproj", "{785D4B5F-88A0-4068-8F8F-9AD9ED7E3471}"
EndProject
Global
	GlobalSection(SolutionConfigurationPlatforms) = preSolution
		Debug|Any CPU = Debug|Any CPU
		Release|Any CPU = Release|Any CPU
	EndGlobalSection
	GlobalSection(ProjectConfigurationPlatforms) = postSolution
		{9F920EC1-A408-4C3C-9AF8-43DCADA0ADA6}.Debug|Any CPU.ActiveCfg = Debug|Any CPU
		{9F920EC1-A408-4C3C-9AF8-43DCADA0ADA6}.Debug|Any CPU.Build.0 = Debug|Any CPU
		{9F920EC1-A408-4C3C-9AF8-43DCADA0ADA6}.Release|Any CPU.ActiveCfg = Release|Any CPU
		{9F920EC1-A408-4C3C-9AF8-43DCADA0ADA6}.Release|Any CPU.Build.0 = Release|Any CPU
		{3E95CE6D-2CE1-437C-B034-AD8A5B62DF39}.Debug|Any CPU.ActiveCfg = Debug|Any CPU
		{3E95CE6D-2CE1-437C-B034-AD8A5B62DF39}.Debug|Any CPU.Build.0 = Debug|Any CPU
		{3E95CE6D-2CE1-437C-B034-AD8A5B62DF39}.Release|Any CPU.ActiveCfg = Release|Any CPU
		{3E95CE6D-2CE1-437C-B034-AD8A5B62DF39}.Release|Any CPU.Build.0 = Release|Any CPU
		{29E69069-6A4A-452C-A520-D2B78AF61D58}.Debug|Any CPU.ActiveCfg = Debug|Any CPU
		{29E69069-6A4A-452C-A520-D2B78AF61D58}.Debug|Any CPU.Build.0 = Debug|Any CPU
		{29E69069-6A4A-452C-A520-D2B78AF61D58}.Release|Any CPU.ActiveCfg = Release|Any CPU
		{29E69069-6A4A-452C-A520-D2B78AF61D58}.Release|Any CPU.Build.0 = Release|Any CPU
		{8D90813F-F918-4050-BC7E-AB4E09CC4D71}.Debug|Any CPU.ActiveCfg = Debug|Any CPU
		{8D90813F-F918-4050-BC7E-AB4E09CC4D71}.Debug|Any CPU.Build.0 = Debug|Any CPU
		{8D90813F-F918-4050-BC7E-AB4E09CC4D71}.Release|Any CPU.ActiveCfg = Release|Any CPU
		{8D90813F-F918-4050-BC7E-AB4E09CC4D71}.Release|Any CPU.Build.0 = Release|Any CPU
		{785D4B5F-88A0-4068-8F8F-9AD9ED7E3471}.Debug|Any CPU.ActiveCfg = Debug|Any CPU
		{785D4B5F-88A0-4068-8F8F-9AD9ED7E3471}.Debug|Any CPU.Build.0 = Debug|Any CPU
		{785D4B5F-88A0-4068-8F8F-9AD9ED7E3471}.Release|Any CPU.ActiveCfg = Release|Any CPU
		{785D4B5F-88A0-4068-8F8F-9AD9ED7E3471}.Release|Any CPU.Build.0 = Release|Any CPU
	EndGlobalSection
	GlobalSection(SolutionProperties) = preSolution
		HideSolutionNode = FALSE
	EndGlobalSection
	GlobalSection(ExtensibilityGlobals) = postSolution
		SolutionGuid = {DFF37C88-5C2C-45BC-B479-C237195544C7}
	EndGlobalSection
EndGlobal
